{
    "_readme": [
        "This file locks the dependencies of your project to a known state",
        "Read more about it at https://getcomposer.org/doc/01-basic-usage.md#composer-lock-the-lock-file",
        "This file is @generated automatically"
    ],
    "content-hash": "efd530057c4768447aaabb4044059097",
    "packages": [
        {
            "name": "o2system/curl",
            "version": "v2.1.1",
            "source": {
                "type": "git",
                "url": "https://github.com/o2system/curl.git",
                "reference": "9d62611a77922d177410c35412800d53963e3d4d"
            },
            "dist": {
                "type": "zip",
                "url": "https://api.github.com/repos/o2system/curl/zipball/9d62611a77922d177410c35412800d53963e3d4d",
                "reference": "9d62611a77922d177410c35412800d53963e3d4d",
                "shasum": ""
            },
            "require": {
                "o2system/kernel": "*",
                "php": ">=5.6.0"
            },
            "type": "package",
            "autoload": {
                "psr-4": {
                    "O2System\\Curl\\": "src"
                }
            },
            "notification-url": "https://packagist.org/downloads/",
            "license": [
                "MIT"
            ],
            "authors": [
                {
                    "name": "Steeven Andrian Salim",
                    "email": "steevenz@steevenz.com",
                    "homepage": "http://www.steevenz.com",
                    "role": "Founder and Lead Project"
                },
                {
                    "name": "Teguh Rianto",
                    "email": "teguh.rianto22@gmail.com",
                    "homepage": "http://teguhrianto22.pusku.com",
                    "role": "Template Designer"
                }
            ],
            "description": "PHP Lightweight HTTP Request Client Libraries",
            "keywords": [
                "driver",
                "framework",
                "libraries",
                "php",
                "utilities"
            ],
            "time": "2017-11-08T08:19:09+00:00"
        },
        {
            "name": "o2system/gear",
            "version": "v2.0.2",
            "source": {
                "type": "git",
                "url": "https://github.com/o2system/gear.git",
                "reference": "4f350c033a68b84364043d26c15069483caf0cc3"
            },
            "dist": {
                "type": "zip",
                "url": "https://api.github.com/repos/o2system/gear/zipball/4f350c033a68b84364043d26c15069483caf0cc3",
                "reference": "4f350c033a68b84364043d26c15069483caf0cc3",
                "shasum": ""
            },
            "require": {
                "php": ">=5.6.0"
            },
            "type": "package",
            "autoload": {
                "psr-4": {
                    "O2System\\Gear\\": "src"
                },
                "files": [
                    "src/Helper.php"
                ]
            },
            "notification-url": "https://packagist.org/downloads/",
            "license": [
                "MIT"
            ],
            "authors": [
                {
                    "name": "Steeven Andrian Salim",
                    "email": "steevenz@steevenz.com",
                    "homepage": "http://www.steevenz.com",
                    "role": "Founder and Lead Project"
                },
                {
                    "name": "Teguh Rianto",
                    "email": "teguh.rianto22@gmail.com",
                    "homepage": "http://teguhrianto22.pusku.com",
                    "role": "Template Designer"
                }
            ],
            "description": "PHP Developer Tools Library",
            "keywords": [
                "driver",
                "framework",
                "libraries",
                "php",
                "utilities"
            ],
            "time": "2017-08-31T04:30:29+00:00"
        },
        {
            "name": "o2system/kernel",
            "version": "v1.0.4",
            "source": {
                "type": "git",
                "url": "https://github.com/o2system/kernel.git",
                "reference": "f7f0cec1fee72c374bb0289db1d5bcf219e02678"
            },
            "dist": {
                "type": "zip",
                "url": "https://api.github.com/repos/o2system/kernel/zipball/f7f0cec1fee72c374bb0289db1d5bcf219e02678",
                "reference": "f7f0cec1fee72c374bb0289db1d5bcf219e02678",
                "shasum": ""
            },
            "require": {
                "o2system/gear": "*",
                "o2system/psr": "*",
                "o2system/spl": "*",
                "php": ">=5.6.0"
            },
            "type": "package",
            "autoload": {
                "psr-4": {
                    "O2System\\Kernel\\": "src"
                },
                "files": [
                    "src/Helpers/Common.php",
                    "src/Helpers/Inflector.php",
                    "src/Kernel.php"
                ]
            },
            "notification-url": "https://packagist.org/downloads/",
            "license": [
                "MIT"
            ],
            "authors": [
                {
                    "name": "Steeven Andrian Salim",
                    "email": "steevenz@steevenz.com",
                    "homepage": "http://www.steevenz.com",
                    "role": "Founder and Lead Project"
                },
                {
                    "name": "Teguh Rianto",
                    "email": "teguh.rianto22@gmail.com",
                    "homepage": "http://teguhrianto22.pusku.com",
                    "role": "Template Designer"
                }
            ],
            "description": "O2System Framework Kernel",
            "keywords": [
                "driver",
                "framework",
                "libraries",
                "php",
                "singleton"
            ],
            "time": "2017-11-08T09:25:14+00:00"
        },
        {
            "name": "o2system/psr",
            "version": "v1.0.4",
            "source": {
                "type": "git",
                "url": "https://github.com/o2system/psr.git",
                "reference": "e9a41df5073b5d6c293b277d8f3dc6180e177007"
            },
            "dist": {
                "type": "zip",
                "url": "https://api.github.com/repos/o2system/psr/zipball/e9a41df5073b5d6c293b277d8f3dc6180e177007",
                "reference": "e9a41df5073b5d6c293b277d8f3dc6180e177007",
                "shasum": ""
            },
            "require": {
                "o2system/spl": "*",
                "php": ">=5.6.0"
            },
            "type": "package",
            "autoload": {
                "psr-4": {
                    "O2System\\Psr\\": "src"
                }
            },
            "notification-url": "https://packagist.org/downloads/",
            "license": [
                "MIT"
            ],
            "authors": [
                {
                    "name": "Steeven Andrian Salim",
                    "email": "steevenz@steevenz.com",
                    "homepage": "http://www.steevenz.com",
                    "role": "Founder and Lead Project"
                },
                {
                    "name": "Teguh Rianto",
                    "email": "teguh.rianto22@gmail.com",
                    "homepage": "http://teguhrianto22.pusku.com",
                    "role": "Template Designer"
                }
            ],
            "description": "O2System PSR it's build based on PHP Framework Interop Group (PHP-FIG) standards recommendations. This repository contains a collection of PHP interfaces based on the PSR-0 until the PSR-7.",
            "keywords": [
                "framework",
                "interfaces",
                "libraries",
                "php",
                "utilities"
            ],
            "time": "2017-11-08T09:27:27+00:00"
        },
        {
            "name": "o2system/spl",
            "version": "v1.0.5",
            "source": {
                "type": "git",
                "url": "https://github.com/o2system/spl.git",
                "reference": "d47463c5e1ed1c386ca251755ace98c6d5c7fb47"
            },
            "dist": {
                "type": "zip",
                "url": "https://api.github.com/repos/o2system/spl/zipball/d47463c5e1ed1c386ca251755ace98c6d5c7fb47",
                "reference": "d47463c5e1ed1c386ca251755ace98c6d5c7fb47",
                "shasum": ""
            },
            "require": {
                "php": ">=5.6.0"
            },
            "type": "package",
            "autoload": {
                "psr-4": {
                    "O2System\\Spl\\": "src"
                }
            },
            "notification-url": "https://packagist.org/downloads/",
            "license": [
                "MIT"
            ],
            "authors": [
                {
                    "name": "Steeven Andrian Salim",
                    "email": "steevenz@steevenz.com",
                    "homepage": "http://www.steevenz.com",
                    "role": "Founder and Lead Project"
                },
                {
                    "name": "Teguh Rianto",
                    "email": "teguh.rianto22@gmail.com",
                    "homepage": "http://teguhrianto22.pusku.com",
                    "role": "Template Designer"
                }
            ],
            "description": "O2System Standard PHP Library (SPL) it's build based on original standard PHP library. It's made up primarily of commonly needed datastructure classes, iterators, handlers and exceptions for O2System PHP Framework, but also can be used independently outside O2System PHP Framework environment.",
            "keywords": [
                "framework",
                "interfaces",
                "libraries",
                "php",
                "utilities"
            ],
            "time": "2017-11-09T09:42:56+00:00"
        },
        {
            "name": "php-amqplib/php-amqplib",
            "version": "v2.7.0",
            "source": {
                "type": "git",
                "url": "https://github.com/php-amqplib/php-amqplib.git",
                "reference": "f48748546e398d846134c594dfca9070c4c3b356"
            },
            "dist": {
                "type": "zip",
                "url": "https://api.github.com/repos/php-amqplib/php-amqplib/zipball/f48748546e398d846134c594dfca9070c4c3b356",
                "reference": "f48748546e398d846134c594dfca9070c4c3b356",
                "shasum": ""
            },
            "require": {
                "ext-bcmath": "*",
                "ext-mbstring": "*",
                "php": ">=5.3.0"
            },
            "replace": {
                "videlalvaro/php-amqplib": "self.version"
            },
            "require-dev": {
                "phpunit/phpunit": "^4.8",
                "scrutinizer/ocular": "^1.1",
                "squizlabs/php_codesniffer": "^2.5"
            },
            "suggest": {
                "ext-sockets": "Use AMQPSocketConnection"
            },
            "type": "library",
            "extra": {
                "branch-alias": {
                    "dev-master": "2.7-dev"
                }
            },
            "autoload": {
                "psr-4": {
                    "PhpAmqpLib\\": "PhpAmqpLib/"
                }
            },
            "notification-url": "https://packagist.org/downloads/",
            "license": [
                "LGPL-2.1"
            ],
            "authors": [
                {
                    "name": "Alvaro Videla",
                    "role": "Original Maintainer"
                },
                {
                    "name": "John Kelly",
                    "email": "johnmkelly86@gmail.com",
                    "role": "Maintainer"
                },
                {
                    "name": "Raúl Araya",
                    "email": "nubeiro@gmail.com",
                    "role": "Maintainer"
                }
            ],
            "description": "Formerly videlalvaro/php-amqplib.  This library is a pure PHP implementation of the AMQP protocol. It's been tested against RabbitMQ.",
            "homepage": "https://github.com/php-amqplib/php-amqplib/",
            "keywords": [
                "message",
                "queue",
                "rabbitmq"
            ],
            "time": "2017-08-03T22:06:21+00:00"
        }
    ],
    "packages-dev": [],
    "aliases": [],
    "minimum-stability": "stable",
    "stability-flags": [],
    "prefer-stable": false,
    "prefer-lowest": false,
    "platform": [],
    "platform-dev": []
}
